
Microsoft Visual Studio Solution File, Format Version 12.00
# Visual Studio 2013
VisualStudioVersion = 12.0.40629.0
MinimumVisualStudioVersion = 10.0.40219.1
Project("{FAE04EC0-301F-11D3-BF4B-00C04F79EFBC}") = "Mabius.JSLibrary.MabiusMenu", "Mabius.JSLibrary.MabiusMenu\Mabius.JSLibrary.MabiusMenu.csproj", "{2D5929F2-4C67-4674-8B55-84A4243363D3}"
EndProject
Project("{FAE04EC0-301F-11D3-BF4B-00C04F79EFBC}") = "Mabius.JSLibrary.MabiusBanner", "Mabius.JSLibrary.MabiusBanner\Mabius.JSLibrary.MabiusBanner.csproj", "{A6E95A92-284A-4819-AFD6-40EF8794645F}"
EndProject
Global
	GlobalSection(SolutionConfigurationPlatforms) = preSolution
		Debug|Any CPU = Debug|Any CPU
		Release|Any CPU = Release|Any CPU
	EndGlobalSection
	GlobalSection(ProjectConfigurationPlatforms) = postSolution
		{2D5929F2-4C67-4674-8B55-84A4243363D3}.Debug|Any CPU.ActiveCfg = Debug|Any CPU
		{2D5929F2-4C67-4674-8B55-84A4243363D3}.Debug|Any CPU.Build.0 = Debug|Any CPU
		{2D5929F2-4C67-4674-8B55-84A4243363D3}.Release|Any CPU.ActiveCfg = Release|Any CPU
		{2D5929F2-4C67-4674-8B55-84A4243363D3}.Release|Any CPU.Build.0 = Release|Any CPU
		{A6E95A92-284A-4819-AFD6-40EF8794645F}.Debug|Any CPU.ActiveCfg = Debug|Any CPU
		{A6E95A92-284A-4819-AFD6-40EF8794645F}.Debug|Any CPU.Build.0 = Debug|Any CPU
		{A6E95A92-284A-4819-AFD6-40EF8794645F}.Release|Any CPU.ActiveCfg = Release|Any CPU
		{A6E95A92-284A-4819-AFD6-40EF8794645F}.Release|Any CPU.Build.0 = Release|Any CPU
	EndGlobalSection
	GlobalSection(SolutionProperties) = preSolution
		HideSolutionNode = FALSE
	EndGlobalSection
EndGlobal
